
Microsoft Visual Studio Solution File, Format Version 12.00
# Visual Studio Version 17
VisualStudioVersion = 17.12.35527.113
MinimumVisualStudioVersion = 10.0.40219.1
Project("{FAE04EC0-301F-11D3-BF4B-00C04F79EFBC}") = "RecipeShareData", "RecipeShareData\RecipeShareData.csproj", "{697C6D26-1017-42BE-BED7-A392499AEAF9}"
EndProject
Project("{FAE04EC0-301F-11D3-BF4B-00C04F79EFBC}") = "RecipeShare_WebAPP", "RecipeShare_WebAPP\RecipeShare_WebAPP.csproj", "{5146D851-9509-417E-B5B8-56019A072D1C}"
EndProject
Project("{FAE04EC0-301F-11D3-BF4B-00C04F79EFBC}") = "RecipeShare.Web.ViewModels", "RecipeShare.Web.ViewModels\RecipeShare.Web.ViewModels.csproj", "{C722D025-E1A4-4989-9951-4DD5171BCA23}"
EndProject
Project("{FAE04EC0-301F-11D3-BF4B-00C04F79EFBC}") = "RecipeShare.Core", "RecipeShare.Core\RecipeShare.Core.csproj", "{60F54E15-9839-45B4-9F42-5374184C9F09}"
EndProject
Project("{FAE04EC0-301F-11D3-BF4B-00C04F79EFBC}") = "RecipeServiceTests", "RecipeServiceTests\RecipeServiceTests.csproj", "{3F7ECA5E-FD29-4A0E-A6C5-DC25CB865A01}"
EndProject
Global
	GlobalSection(SolutionConfigurationPlatforms) = preSolution
		Debug|Any CPU = Debug|Any CPU
		Release|Any CPU = Release|Any CPU
	EndGlobalSection
	GlobalSection(ProjectConfigurationPlatforms) = postSolution
		{697C6D26-1017-42BE-BED7-A392499AEAF9}.Debug|Any CPU.ActiveCfg = Debug|Any CPU
		{697C6D26-1017-42BE-BED7-A392499AEAF9}.Debug|Any CPU.Build.0 = Debug|Any CPU
		{697C6D26-1017-42BE-BED7-A392499AEAF9}.Release|Any CPU.ActiveCfg = Release|Any CPU
		{697C6D26-1017-42BE-BED7-A392499AEAF9}.Release|Any CPU.Build.0 = Release|Any CPU
		{5146D851-9509-417E-B5B8-56019A072D1C}.Debug|Any CPU.ActiveCfg = Debug|Any CPU
		{5146D851-9509-417E-B5B8-56019A072D1C}.Debug|Any CPU.Build.0 = Debug|Any CPU
		{5146D851-9509-417E-B5B8-56019A072D1C}.Release|Any CPU.ActiveCfg = Release|Any CPU
		{5146D851-9509-417E-B5B8-56019A072D1C}.Release|Any CPU.Build.0 = Release|Any CPU
		{C722D025-E1A4-4989-9951-4DD5171BCA23}.Debug|Any CPU.ActiveCfg = Debug|Any CPU
		{C722D025-E1A4-4989-9951-4DD5171BCA23}.Debug|Any CPU.Build.0 = Debug|Any CPU
		{C722D025-E1A4-4989-9951-4DD5171BCA23}.Release|Any CPU.ActiveCfg = Release|Any CPU
		{C722D025-E1A4-4989-9951-4DD5171BCA23}.Release|Any CPU.Build.0 = Release|Any CPU
		{60F54E15-9839-45B4-9F42-5374184C9F09}.Debug|Any CPU.ActiveCfg = Debug|Any CPU
		{60F54E15-9839-45B4-9F42-5374184C9F09}.Debug|Any CPU.Build.0 = Debug|Any CPU
		{60F54E15-9839-45B4-9F42-5374184C9F09}.Release|Any CPU.ActiveCfg = Release|Any CPU
		{60F54E15-9839-45B4-9F42-5374184C9F09}.Release|Any CPU.Build.0 = Release|Any CPU
		{3F7ECA5E-FD29-4A0E-A6C5-DC25CB865A01}.Debug|Any CPU.ActiveCfg = Debug|Any CPU
		{3F7ECA5E-FD29-4A0E-A6C5-DC25CB865A01}.Debug|Any CPU.Build.0 = Debug|Any CPU
		{3F7ECA5E-FD29-4A0E-A6C5-DC25CB865A01}.Release|Any CPU.ActiveCfg = Release|Any CPU
		{3F7ECA5E-FD29-4A0E-A6C5-DC25CB865A01}.Release|Any CPU.Build.0 = Release|Any CPU
	EndGlobalSection
	GlobalSection(SolutionProperties) = preSolution
		HideSolutionNode = FALSE
	EndGlobalSection
	GlobalSection(ExtensibilityGlobals) = postSolution
		SolutionGuid = {635741CF-76EC-49E6-BE4F-8949E41FEAC2}
	EndGlobalSection
EndGlobal
